# This file is automatically @generated by Poetry 1.4.1 and should not be changed by hand.

[[package]]
name = "pypiserver"
version = "1.5.1"
description = "A minimal PyPI server for use with pip/easy_install."
category = "main"
optional = false
python-versions = ">=3.6"
files = [
    {file = "pypiserver-1.5.1-py2.py3-none-any.whl", hash = "sha256:bea067627793ebcab6574549b7a7e9099cceeb5b902a73f4df09734c11fc3cdf"},
    {file = "pypiserver-1.5.1.zip", hash = "sha256:24804a717ccd4611aa805621eead821f9d389163f6020a500c7e05f191884ba2"},
]

[package.extras]
cache = ["watchdog"]
passlib = ["passlib (>=1.6)"]

[metadata]
lock-version = "2.0"
python-versions = "^3.9"
content-hash = "45731e8237ce187e47160563e9910a6dc4efdd6667780137808d3b26565cad1b"
